
Microsoft Visual Studio Solution File, Format Version 11.00
# Visual Studio 2010
Project("{8BC9CEB8-8B4A-11D0-8D11-00A0C91BC942}") = "regt", "regt\regt.vcxproj", "{82998CCE-6E22-45A9-AC8E-9A0A7FE6204F}"
EndProject
Global
	GlobalSection(SolutionConfigurationPlatforms) = preSolution
		Debug|Win32 = Debug|Win32
		Release|Win32 = Release|Win32
	EndGlobalSection
	GlobalSection(ProjectConfigurationPlatforms) = postSolution
		{82998CCE-6E22-45A9-AC8E-9A0A7FE6204F}.Debug|Win32.ActiveCfg = Debug|Win32
		{82998CCE-6E22-45A9-AC8E-9A0A7FE6204F}.Debug|Win32.Build.0 = Debug|Win32
		{82998CCE-6E22-45A9-AC8E-9A0A7FE6204F}.Release|Win32.ActiveCfg = Release|Win32
		{82998CCE-6E22-45A9-AC8E-9A0A7FE6204F}.Release|Win32.Build.0 = Release|Win32
	EndGlobalSection
	GlobalSection(SolutionProperties) = preSolution
		HideSolutionNode = FALSE
	EndGlobalSection
EndGlobal
